
Microsoft Visual Studio Solution File, Format Version 12.00
# Visual Studio Version 17
VisualStudioVersion = 17.0.31919.166
MinimumVisualStudioVersion = 10.0.40219.1
Project("{FAE04EC0-301F-11D3-BF4B-00C04F79EFBC}") = "SmartUseOfUsingBlock", "SmartUseOfUsingBlock\SmartUseOfUsingBlock.csproj", "{E10489DA-D543-4E2C-BD25-A7AD31154C32}"
EndProject
Global
	GlobalSection(SolutionConfigurationPlatforms) = preSolution
		Debug|Any CPU = Debug|Any CPU
		Release|Any CPU = Release|Any CPU
	EndGlobalSection
	GlobalSection(ProjectConfigurationPlatforms) = postSolution
		{E10489DA-D543-4E2C-BD25-A7AD31154C32}.Debug|Any CPU.ActiveCfg = Debug|Any CPU
		{E10489DA-D543-4E2C-BD25-A7AD31154C32}.Debug|Any CPU.Build.0 = Debug|Any CPU
		{E10489DA-D543-4E2C-BD25-A7AD31154C32}.Release|Any CPU.ActiveCfg = Release|Any CPU
		{E10489DA-D543-4E2C-BD25-A7AD31154C32}.Release|Any CPU.Build.0 = Release|Any CPU
	EndGlobalSection
	GlobalSection(SolutionProperties) = preSolution
		HideSolutionNode = FALSE
	EndGlobalSection
	GlobalSection(ExtensibilityGlobals) = postSolution
		SolutionGuid = {48CEDD60-3754-4F49-9C5E-0FEED32DC0BB}
	EndGlobalSection
EndGlobal
